<?xml version="1.0" encoding="utf-8"?>
<Project ToolsVersion="4.0" xmlns="http://schemas.microsoft.com/developer/msbuild/2003">
  <ItemGroup>
    <Filter Include="ソース ファイル">
      <UniqueIdentifier>{4FC737F1-C7A5-4376-A066-2A32D752A2FF}</UniqueIdentifier>
      <Extensions>cpp;c;cc;cxx;def;odl;idl;hpj;bat;asm;asmx</Extensions>
    </Filter>
    <Filter Include="ヘッダー ファイル">
      <UniqueIdentifier>{93995380-89BD-4b04-88EB-625FBE52EBFB}</UniqueIdentifier>
      <Extensions>h;hh;hpp;hxx;hm;inl;inc;ipp;xsd</Extensions>
    </Filter>
    <Filter Include="リソース ファイル">
      <UniqueIdentifier>{67DA6AB6-F800-4c08-8B7A-83BB121AAD01}</UniqueIdentifier>
      <Extensions>rc;ico;cur;bmp;dlg;rc2;rct;bin;rgs;gif;jpg;jpeg;jpe;resx;tiff;tif;png;wav;mfcribbon-ms</Extensions>
    </Filter>
    <Filter Include="XAudio2">
      <UniqueIdentifier>{ebfd3820-db7b-4b37-97fe-e83278b947b5}</UniqueIdentifier>
    </Filter>
    <Filter Include="XAudio2\Voice">
      <UniqueIdentifier>{60ed4ffd-dcb5-4b7a-aa88-23dd34922c03}</UniqueIdentifier>
    </Filter>
    <Filter Include="FmSound">
      <UniqueIdentifier>{0b44a61b-2c4a-4625-ac96-6917bf64ed33}</UniqueIdentifier>
    </Filter>
    <Filter Include="FmSound\ADSR">
      <UniqueIdentifier>{96122d43-3cf6-44ab-bb5b-da28fdf97560}</UniqueIdentifier>
    </Filter>
    <Filter Include="FmSound\Envelope">
      <UniqueIdentifier>{d39b6946-d69a-43c8-a993-b32987be65cf}</UniqueIdentifier>
    </Filter>
    <Filter Include="FmSound\Feedback">
      <UniqueIdentifier>{8eb24f45-1db0-4519-867e-704e9329f955}</UniqueIdentifier>
    </Filter>
    <Filter Include="FmSound\Operator">
      <UniqueIdentifier>{a99a7416-fa82-4da5-b35f-1ca4d961d79b}</UniqueIdentifier>
    </Filter>
  </ItemGroup>
  <ItemGroup>
    <ClCompile Include="Main.cpp">
      <Filter>ソース ファイル</Filter>
    </ClCompile>
    <ClCompile Include="XAudio2\XAudio2.cpp">
      <Filter>XAudio2</Filter>
    </ClCompile>
    <ClCompile Include="XAudio2\Voice\Voice.cpp">
      <Filter>XAudio2\Voice</Filter>
    </ClCompile>
    <ClCompile Include="FmSound\FmSound.cpp">
      <Filter>FmSound</Filter>
    </ClCompile>
    <ClCompile Include="FmSound\ADSR\ADSR.cpp">
      <Filter>FmSound\ADSR</Filter>
    </ClCompile>
    <ClCompile Include="FmSound\Envelope\Envelope.cpp">
      <Filter>FmSound\Envelope</Filter>
    </ClCompile>
    <ClCompile Include="FmSound\Feedback\Feedback.cpp">
      <Filter>FmSound\Feedback</Filter>
    </ClCompile>
    <ClCompile Include="FmSound\Operator\Operator.cpp">
      <Filter>FmSound\Operator</Filter>
    </ClCompile>
  </ItemGroup>
  <ItemGroup>
    <ClInclude Include="XAudio2\XAudio2.h">
      <Filter>XAudio2</Filter>
    </ClInclude>
    <ClInclude Include="XAudio2\Voice\Voice.h">
      <Filter>XAudio2\Voice</Filter>
    </ClInclude>
    <ClInclude Include="FmSound\FmSound.h">
      <Filter>FmSound</Filter>
    </ClInclude>
    <ClInclude Include="FmSound\Parameter.h">
      <Filter>FmSound</Filter>
    </ClInclude>
    <ClInclude Include="FmSound\SinTbl.h">
      <Filter>FmSound</Filter>
    </ClInclude>
    <ClInclude Include="FmSound\ADSR\ADSR.h">
      <Filter>FmSound\ADSR</Filter>
    </ClInclude>
    <ClInclude Include="FmSound\Envelope\Envelope.h">
      <Filter>FmSound\Envelope</Filter>
    </ClInclude>
    <ClInclude Include="FmSound\Feedback\Feedback.h">
      <Filter>FmSound\Feedback</Filter>
    </ClInclude>
    <ClInclude Include="FmSound\Operator\Operator.h">
      <Filter>FmSound\Operator</Filter>
    </ClInclude>
  </ItemGroup>
</Project>