
Microsoft Visual Studio Solution File, Format Version 12.00
# Visual Studio Version 16
VisualStudioVersion = 16.0.29806.167
MinimumVisualStudioVersion = 10.0.40219.1
Project("{8BC9CEB8-8B4A-11D0-8D11-00A0C91BC942}") = "SinWaveGenerator", "SinWaveGenerator\SinWaveGenerator.vcxproj", "{C5415FFF-80BE-4F4F-A2DA-C694950B8D1A}"
EndProject
Global
	GlobalSection(SolutionConfigurationPlatforms) = preSolution
		Debug|x64 = Debug|x64
		Debug|x86 = Debug|x86
		Release|x64 = Release|x64
		Release|x86 = Release|x86
	EndGlobalSection
	GlobalSection(ProjectConfigurationPlatforms) = postSolution
		{C5415FFF-80BE-4F4F-A2DA-C694950B8D1A}.Debug|x64.ActiveCfg = Debug|x64
		{C5415FFF-80BE-4F4F-A2DA-C694950B8D1A}.Debug|x64.Build.0 = Debug|x64
		{C5415FFF-80BE-4F4F-A2DA-C694950B8D1A}.Debug|x86.ActiveCfg = Debug|Win32
		{C5415FFF-80BE-4F4F-A2DA-C694950B8D1A}.Debug|x86.Build.0 = Debug|Win32
		{C5415FFF-80BE-4F4F-A2DA-C694950B8D1A}.Release|x64.ActiveCfg = Release|x64
		{C5415FFF-80BE-4F4F-A2DA-C694950B8D1A}.Release|x64.Build.0 = Release|x64
		{C5415FFF-80BE-4F4F-A2DA-C694950B8D1A}.Release|x86.ActiveCfg = Release|Win32
		{C5415FFF-80BE-4F4F-A2DA-C694950B8D1A}.Release|x86.Build.0 = Release|Win32
	EndGlobalSection
	GlobalSection(SolutionProperties) = preSolution
		HideSolutionNode = FALSE
	EndGlobalSection
	GlobalSection(ExtensibilityGlobals) = postSolution
		SolutionGuid = {48B852AF-350E-4B7D-87F6-41972F37F1F5}
	EndGlobalSection
EndGlobal
