
Microsoft Visual Studio Solution File, Format Version 12.00
# Visual Studio Version 16
VisualStudioVersion = 16.0.29728.190
MinimumVisualStudioVersion = 10.0.40219.1
Project("{8BC9CEB8-8B4A-11D0-8D11-00A0C91BC942}") = "WaveWriter", "WaveWriter\WaveWriter.vcxproj", "{B62577CA-4761-41C3-A416-3C18C6990C92}"
EndProject
Global
	GlobalSection(SolutionConfigurationPlatforms) = preSolution
		Debug|x64 = Debug|x64
		Debug|x86 = Debug|x86
		Release|x64 = Release|x64
		Release|x86 = Release|x86
	EndGlobalSection
	GlobalSection(ProjectConfigurationPlatforms) = postSolution
		{B62577CA-4761-41C3-A416-3C18C6990C92}.Debug|x64.ActiveCfg = Debug|x64
		{B62577CA-4761-41C3-A416-3C18C6990C92}.Debug|x64.Build.0 = Debug|x64
		{B62577CA-4761-41C3-A416-3C18C6990C92}.Debug|x86.ActiveCfg = Debug|Win32
		{B62577CA-4761-41C3-A416-3C18C6990C92}.Debug|x86.Build.0 = Debug|Win32
		{B62577CA-4761-41C3-A416-3C18C6990C92}.Release|x64.ActiveCfg = Release|x64
		{B62577CA-4761-41C3-A416-3C18C6990C92}.Release|x64.Build.0 = Release|x64
		{B62577CA-4761-41C3-A416-3C18C6990C92}.Release|x86.ActiveCfg = Release|Win32
		{B62577CA-4761-41C3-A416-3C18C6990C92}.Release|x86.Build.0 = Release|Win32
	EndGlobalSection
	GlobalSection(SolutionProperties) = preSolution
		HideSolutionNode = FALSE
	EndGlobalSection
	GlobalSection(ExtensibilityGlobals) = postSolution
		SolutionGuid = {A9E5FE93-CA04-403F-9256-9A94F5099ECD}
	EndGlobalSection
EndGlobal
