<?xml version="1.0" encoding="utf-8"?>
<Project ToolsVersion="4.0" xmlns="http://schemas.microsoft.com/developer/msbuild/2003">
  <ItemGroup>
    <Filter Include="ソース ファイル">
      <UniqueIdentifier>{4FC737F1-C7A5-4376-A066-2A32D752A2FF}</UniqueIdentifier>
      <Extensions>cpp;c;cc;cxx;def;odl;idl;hpj;bat;asm;asmx</Extensions>
    </Filter>
    <Filter Include="ヘッダー ファイル">
      <UniqueIdentifier>{93995380-89BD-4b04-88EB-625FBE52EBFB}</UniqueIdentifier>
      <Extensions>h;hh;hpp;hxx;hm;inl;inc;ipp;xsd</Extensions>
    </Filter>
    <Filter Include="リソース ファイル">
      <UniqueIdentifier>{67DA6AB6-F800-4c08-8B7A-83BB121AAD01}</UniqueIdentifier>
      <Extensions>rc;ico;cur;bmp;dlg;rc2;rct;bin;rgs;gif;jpg;jpeg;jpe;resx;tiff;tif;png;wav;mfcribbon-ms</Extensions>
    </Filter>
    <Filter Include="ADSR">
      <UniqueIdentifier>{83669e63-a0a7-4575-bb63-db3c9f43afb9}</UniqueIdentifier>
    </Filter>
    <Filter Include="Feedback">
      <UniqueIdentifier>{c7afd4be-4d93-4bef-b2ed-1eb7f61b6ed4}</UniqueIdentifier>
    </Filter>
    <Filter Include="Operator">
      <UniqueIdentifier>{46c3d866-7963-4e92-a21d-b754a5b241c9}</UniqueIdentifier>
    </Filter>
    <Filter Include="FmSound">
      <UniqueIdentifier>{7034043b-44ba-4717-b001-c27b64152a37}</UniqueIdentifier>
    </Filter>
    <Filter Include="Envelope">
      <UniqueIdentifier>{f29e227e-3959-4699-bbaf-2355619993d6}</UniqueIdentifier>
    </Filter>
    <Filter Include="SinWaveGenerator">
      <UniqueIdentifier>{1a556261-4f40-4520-b71a-88bbff473ad0}</UniqueIdentifier>
    </Filter>
  </ItemGroup>
  <ItemGroup>
    <ClCompile Include="FmSound\ADSR\ADSR.cpp">
      <Filter>ADSR</Filter>
    </ClCompile>
    <ClCompile Include="FmSound\Feedback\Feedback.cpp">
      <Filter>Feedback</Filter>
    </ClCompile>
    <ClCompile Include="FmSound\Operator\Operator.cpp">
      <Filter>Operator</Filter>
    </ClCompile>
    <ClCompile Include="FmSound\FmSound.cpp">
      <Filter>FmSound</Filter>
    </ClCompile>
    <ClCompile Include="FmSound\Envelope\Envelope.cpp">
      <Filter>Envelope</Filter>
    </ClCompile>
    <ClCompile Include="FmSound\SinWaveGenerator\SinWaveGenerator.cpp">
      <Filter>SinWaveGenerator</Filter>
    </ClCompile>
  </ItemGroup>
  <ItemGroup>
    <ClInclude Include="FmSound\ADSR\ADSR.h">
      <Filter>ADSR</Filter>
    </ClInclude>
    <ClInclude Include="FmSound\Feedback\Feedback.h">
      <Filter>Feedback</Filter>
    </ClInclude>
    <ClInclude Include="FmSound\Parameter.h">
      <Filter>ヘッダー ファイル</Filter>
    </ClInclude>
    <ClInclude Include="FmSound\Operator\Operator.h">
      <Filter>Operator</Filter>
    </ClInclude>
    <ClInclude Include="FmSound\FmSound.h">
      <Filter>FmSound</Filter>
    </ClInclude>
    <ClInclude Include="FmSound\Envelope\Envelope.h">
      <Filter>Envelope</Filter>
    </ClInclude>
    <ClInclude Include="FmSound\SinTbl.h">
      <Filter>ヘッダー ファイル</Filter>
    </ClInclude>
    <ClInclude Include="FmSound\SinWaveGenerator\SinWaveGenerator.h">
      <Filter>SinWaveGenerator</Filter>
    </ClInclude>
  </ItemGroup>
</Project>